
Microsoft Visual Studio Solution File, Format Version 12.00
# Visual Studio Version 16
VisualStudioVersion = 16.0.30907.101
MinimumVisualStudioVersion = 10.0.40219.1
Project("{FAE04EC0-301F-11D3-BF4B-00C04F79EFBC}") = "OpcUaPoc.TestServer", "OpcUaPoc.TestServer\OpcUaPoc.TestServer.csproj", "{2D7BFAF3-8EA7-4994-8F25-C51F536DA6CC}"
EndProject
Global
	GlobalSection(SolutionConfigurationPlatforms) = preSolution
		Debug|Any CPU = Debug|Any CPU
		Release|Any CPU = Release|Any CPU
	EndGlobalSection
	GlobalSection(ProjectConfigurationPlatforms) = postSolution
		{2D7BFAF3-8EA7-4994-8F25-C51F536DA6CC}.Debug|Any CPU.ActiveCfg = Debug|Any CPU
		{2D7BFAF3-8EA7-4994-8F25-C51F536DA6CC}.Debug|Any CPU.Build.0 = Debug|Any CPU
		{2D7BFAF3-8EA7-4994-8F25-C51F536DA6CC}.Release|Any CPU.ActiveCfg = Release|Any CPU
		{2D7BFAF3-8EA7-4994-8F25-C51F536DA6CC}.Release|Any CPU.Build.0 = Release|Any CPU
	EndGlobalSection
	GlobalSection(SolutionProperties) = preSolution
		HideSolutionNode = FALSE
	EndGlobalSection
	GlobalSection(ExtensibilityGlobals) = postSolution
		SolutionGuid = {A2021987-FCF2-4DC7-B2D2-2D0E6C56D688}
	EndGlobalSection
EndGlobal
